
Microsoft Visual Studio Solution File, Format Version 12.00
# Visual Studio 15
VisualStudioVersion = 15.0.28306.52
MinimumVisualStudioVersion = 10.0.40219.1
Project("{FAE04EC0-301F-11D3-BF4B-00C04F79EFBC}") = "XamarinFormsHelloWorld.Android", "XamarinFormsHelloWorld\XamarinFormsHelloWorld.Android\XamarinFormsHelloWorld.Android.csproj", "{CFA3D6F3-3CFF-4F02-AE6A-8B4A4EBA190C}"
EndProject
Project("{FAE04EC0-301F-11D3-BF4B-00C04F79EFBC}") = "XamarinFormsHelloWorld.iOS", "XamarinFormsHelloWorld\XamarinFormsHelloWorld.iOS\XamarinFormsHelloWorld.iOS.csproj", "{F62C158F-3835-46CF-89DB-D55C11CFC7EA}"
EndProject
Project("{9A19103F-16F7-4668-BE54-9A1E7A4F7556}") = "XamarinFormsHelloWorld", "XamarinFormsHelloWorld\XamarinFormsHelloWorld\XamarinFormsHelloWorld.csproj", "{D1348D97-19A5-44C6-BF03-BFCC5E8FA7B3}"
EndProject
Project("{FAE04EC0-301F-11D3-BF4B-00C04F79EFBC}") = "XamarinFormsHelloWorld.UITest", "XamarinFormsHelloWorld.UITest\XamarinFormsHelloWorld.UITest.csproj", "{B19C892E-2628-4CA7-AD27-08D406A3B14B}"
EndProject
Global
	GlobalSection(SolutionConfigurationPlatforms) = preSolution
		Ad-Hoc|Any CPU = Ad-Hoc|Any CPU
		Ad-Hoc|ARM = Ad-Hoc|ARM
		Ad-Hoc|iPhone = Ad-Hoc|iPhone
		Ad-Hoc|iPhoneSimulator = Ad-Hoc|iPhoneSimulator
		Ad-Hoc|x64 = Ad-Hoc|x64
		Ad-Hoc|x86 = Ad-Hoc|x86
		AppStore|Any CPU = AppStore|Any CPU
		AppStore|ARM = AppStore|ARM
		AppStore|iPhone = AppStore|iPhone
		AppStore|iPhoneSimulator = AppStore|iPhoneSimulator
		AppStore|x64 = AppStore|x64
		AppStore|x86 = AppStore|x86
		Debug|Any CPU = Debug|Any CPU
		Debug|ARM = Debug|ARM
		Debug|iPhone = Debug|iPhone
		Debug|iPhoneSimulator = Debug|iPhoneSimulator
		Debug|x64 = Debug|x64
		Debug|x86 = Debug|x86
		Release|Any CPU = Release|Any CPU
		Release|ARM = Release|ARM
		Release|iPhone = Release|iPhone
		Release|iPhoneSimulator = Release|iPhoneSimulator
		Release|x64 = Release|x64
		Release|x86 = Release|x86
	EndGlobalSection
	GlobalSection(ProjectConfigurationPlatforms) = postSolution
		{CFA3D6F3-3CFF-4F02-AE6A-8B4A4EBA190C}.Ad-Hoc|Any CPU.ActiveCfg = Release|Any CPU
		{CFA3D6F3-3CFF-4F02-AE6A-8B4A4EBA190C}.Ad-Hoc|Any CPU.Build.0 = Release|Any CPU
		{CFA3D6F3-3CFF-4F02-AE6A-8B4A4EBA190C}.Ad-Hoc|Any CPU.Deploy.0 = Release|Any CPU
		{CFA3D6F3-3CFF-4F02-AE6A-8B4A4EBA190C}.Ad-Hoc|ARM.ActiveCfg = Release|Any CPU
		{CFA3D6F3-3CFF-4F02-AE6A-8B4A4EBA190C}.Ad-Hoc|ARM.Build.0 = Release|Any CPU
		{CFA3D6F3-3CFF-4F02-AE6A-8B4A4EBA190C}.Ad-Hoc|ARM.Deploy.0 = Release|Any CPU
		{CFA3D6F3-3CFF-4F02-AE6A-8B4A4EBA190C}.Ad-Hoc|iPhone.ActiveCfg = Release|Any CPU
		{CFA3D6F3-3CFF-4F02-AE6A-8B4A4EBA190C}.Ad-Hoc|iPhone.Build.0 = Release|Any CPU
		{CFA3D6F3-3CFF-4F02-AE6A-8B4A4EBA190C}.Ad-Hoc|iPhone.Deploy.0 = Release|Any CPU
		{CFA3D6F3-3CFF-4F02-AE6A-8B4A4EBA190C}.Ad-Hoc|iPhoneSimulator.ActiveCfg = Release|Any CPU
		{CFA3D6F3-3CFF-4F02-AE6A-8B4A4EBA190C}.Ad-Hoc|iPhoneSimulator.Build.0 = Release|Any CPU
		{CFA3D6F3-3CFF-4F02-AE6A-8B4A4EBA190C}.Ad-Hoc|iPhoneSimulator.Deploy.0 = Release|Any CPU
		{CFA3D6F3-3CFF-4F02-AE6A-8B4A4EBA190C}.Ad-Hoc|x64.ActiveCfg = Release|Any CPU
		{CFA3D6F3-3CFF-4F02-AE6A-8B4A4EBA190C}.Ad-Hoc|x64.Build.0 = Release|Any CPU
		{CFA3D6F3-3CFF-4F02-AE6A-8B4A4EBA190C}.Ad-Hoc|x64.Deploy.0 = Release|Any CPU
		{CFA3D6F3-3CFF-4F02-AE6A-8B4A4EBA190C}.Ad-Hoc|x86.ActiveCfg = Release|Any CPU
		{CFA3D6F3-3CFF-4F02-AE6A-8B4A4EBA190C}.Ad-Hoc|x86.Build.0 = Release|Any CPU
		{CFA3D6F3-3CFF-4F02-AE6A-8B4A4EBA190C}.Ad-Hoc|x86.Deploy.0 = Release|Any CPU
		{CFA3D6F3-3CFF-4F02-AE6A-8B4A4EBA190C}.AppStore|Any CPU.ActiveCfg = Release|Any CPU
		{CFA3D6F3-3CFF-4F02-AE6A-8B4A4EBA190C}.AppStore|Any CPU.Build.0 = Release|Any CPU
		{CFA3D6F3-3CFF-4F02-AE6A-8B4A4EBA190C}.AppStore|Any CPU.Deploy.0 = Release|Any CPU
		{CFA3D6F3-3CFF-4F02-AE6A-8B4A4EBA190C}.AppStore|ARM.ActiveCfg = Release|Any CPU
		{CFA3D6F3-3CFF-4F02-AE6A-8B4A4EBA190C}.AppStore|ARM.Build.0 = Release|Any CPU
		{CFA3D6F3-3CFF-4F02-AE6A-8B4A4EBA190C}.AppStore|ARM.Deploy.0 = Release|Any CPU
		{CFA3D6F3-3CFF-4F02-AE6A-8B4A4EBA190C}.AppStore|iPhone.ActiveCfg = Release|Any CPU
		{CFA3D6F3-3CFF-4F02-AE6A-8B4A4EBA190C}.AppStore|iPhone.Build.0 = Release|Any CPU
		{CFA3D6F3-3CFF-4F02-AE6A-8B4A4EBA190C}.AppStore|iPhone.Deploy.0 = Release|Any CPU
		{CFA3D6F3-3CFF-4F02-AE6A-8B4A4EBA190C}.AppStore|iPhoneSimulator.ActiveCfg = Release|Any CPU
		{CFA3D6F3-3CFF-4F02-AE6A-8B4A4EBA190C}.AppStore|iPhoneSimulator.Build.0 = Release|Any CPU
		{CFA3D6F3-3CFF-4F02-AE6A-8B4A4EBA190C}.AppStore|iPhoneSimulator.Deploy.0 = Release|Any CPU
		{CFA3D6F3-3CFF-4F02-AE6A-8B4A4EBA190C}.AppStore|x64.ActiveCfg = Release|Any CPU
		{CFA3D6F3-3CFF-4F02-AE6A-8B4A4EBA190C}.AppStore|x64.Build.0 = Release|Any CPU
		{CFA3D6F3-3CFF-4F02-AE6A-8B4A4EBA190C}.AppStore|x64.Deploy.0 = Release|Any CPU
		{CFA3D6F3-3CFF-4F02-AE6A-8B4A4EBA190C}.AppStore|x86.ActiveCfg = Release|Any CPU
		{CFA3D6F3-3CFF-4F02-AE6A-8B4A4EBA190C}.AppStore|x86.Build.0 = Release|Any CPU
		{CFA3D6F3-3CFF-4F02-AE6A-8B4A4EBA190C}.AppStore|x86.Deploy.0 = Release|Any CPU
		{CFA3D6F3-3CFF-4F02-AE6A-8B4A4EBA190C}.Debug|Any CPU.ActiveCfg = Debug|Any CPU
		{CFA3D6F3-3CFF-4F02-AE6A-8B4A4EBA190C}.Debug|Any CPU.Build.0 = Debug|Any CPU
		{CFA3D6F3-3CFF-4F02-AE6A-8B4A4EBA190C}.Debug|Any CPU.Deploy.0 = Debug|Any CPU
		{CFA3D6F3-3CFF-4F02-AE6A-8B4A4EBA190C}.Debug|ARM.ActiveCfg = Debug|Any CPU
		{CFA3D6F3-3CFF-4F02-AE6A-8B4A4EBA190C}.Debug|ARM.Build.0 = Debug|Any CPU
		{CFA3D6F3-3CFF-4F02-AE6A-8B4A4EBA190C}.Debug|ARM.Deploy.0 = Debug|Any CPU
		{CFA3D6F3-3CFF-4F02-AE6A-8B4A4EBA190C}.Debug|iPhone.ActiveCfg = Debug|Any CPU
		{CFA3D6F3-3CFF-4F02-AE6A-8B4A4EBA190C}.Debug|iPhone.Build.0 = Debug|Any CPU
		{CFA3D6F3-3CFF-4F02-AE6A-8B4A4EBA190C}.Debug|iPhone.Deploy.0 = Debug|Any CPU
		{CFA3D6F3-3CFF-4F02-AE6A-8B4A4EBA190C}.Debug|iPhoneSimulator.ActiveCfg = Debug|Any CPU
		{CFA3D6F3-3CFF-4F02-AE6A-8B4A4EBA190C}.Debug|iPhoneSimulator.Build.0 = Debug|Any CPU
		{CFA3D6F3-3CFF-4F02-AE6A-8B4A4EBA190C}.Debug|iPhoneSimulator.Deploy.0 = Debug|Any CPU
		{CFA3D6F3-3CFF-4F02-AE6A-8B4A4EBA190C}.Debug|x64.ActiveCfg = Debug|Any CPU
		{CFA3D6F3-3CFF-4F02-AE6A-8B4A4EBA190C}.Debug|x64.Build.0 = Debug|Any CPU
		{CFA3D6F3-3CFF-4F02-AE6A-8B4A4EBA190C}.Debug|x64.Deploy.0 = Debug|Any CPU
		{CFA3D6F3-3CFF-4F02-AE6A-8B4A4EBA190C}.Debug|x86.ActiveCfg = Debug|Any CPU
		{CFA3D6F3-3CFF-4F02-AE6A-8B4A4EBA190C}.Debug|x86.Build.0 = Debug|Any CPU
		{CFA3D6F3-3CFF-4F02-AE6A-8B4A4EBA190C}.Debug|x86.Deploy.0 = Debug|Any CPU
		{CFA3D6F3-3CFF-4F02-AE6A-8B4A4EBA190C}.Release|Any CPU.ActiveCfg = Release|Any CPU
		{CFA3D6F3-3CFF-4F02-AE6A-8B4A4EBA190C}.Release|Any CPU.Build.0 = Release|Any CPU
		{CFA3D6F3-3CFF-4F02-AE6A-8B4A4EBA190C}.Release|Any CPU.Deploy.0 = Release|Any CPU
		{CFA3D6F3-3CFF-4F02-AE6A-8B4A4EBA190C}.Release|ARM.ActiveCfg = Release|Any CPU
		{CFA3D6F3-3CFF-4F02-AE6A-8B4A4EBA190C}.Release|ARM.Build.0 = Release|Any CPU
		{CFA3D6F3-3CFF-4F02-AE6A-8B4A4EBA190C}.Release|ARM.Deploy.0 = Release|Any CPU
		{CFA3D6F3-3CFF-4F02-AE6A-8B4A4EBA190C}.Release|iPhone.ActiveCfg = Release|Any CPU
		{CFA3D6F3-3CFF-4F02-AE6A-8B4A4EBA190C}.Release|iPhone.Build.0 = Release|Any CPU
		{CFA3D6F3-3CFF-4F02-AE6A-8B4A4EBA190C}.Release|iPhone.Deploy.0 = Release|Any CPU
		{CFA3D6F3-3CFF-4F02-AE6A-8B4A4EBA190C}.Release|iPhoneSimulator.ActiveCfg = Release|Any CPU
		{CFA3D6F3-3CFF-4F02-AE6A-8B4A4EBA190C}.Release|iPhoneSimulator.Build.0 = Release|Any CPU
		{CFA3D6F3-3CFF-4F02-AE6A-8B4A4EBA190C}.Release|iPhoneSimulator.Deploy.0 = Release|Any CPU
		{CFA3D6F3-3CFF-4F02-AE6A-8B4A4EBA190C}.Release|x64.ActiveCfg = Release|Any CPU
		{CFA3D6F3-3CFF-4F02-AE6A-8B4A4EBA190C}.Release|x64.Build.0 = Release|Any CPU
		{CFA3D6F3-3CFF-4F02-AE6A-8B4A4EBA190C}.Release|x64.Deploy.0 = Release|Any CPU
		{CFA3D6F3-3CFF-4F02-AE6A-8B4A4EBA190C}.Release|x86.ActiveCfg = Release|Any CPU
		{CFA3D6F3-3CFF-4F02-AE6A-8B4A4EBA190C}.Release|x86.Build.0 = Release|Any CPU
		{CFA3D6F3-3CFF-4F02-AE6A-8B4A4EBA190C}.Release|x86.Deploy.0 = Release|Any CPU
		{F62C158F-3835-46CF-89DB-D55C11CFC7EA}.Ad-Hoc|Any CPU.ActiveCfg = Ad-Hoc|iPhone
		{F62C158F-3835-46CF-89DB-D55C11CFC7EA}.Ad-Hoc|Any CPU.Build.0 = Ad-Hoc|iPhone
		{F62C158F-3835-46CF-89DB-D55C11CFC7EA}.Ad-Hoc|Any CPU.Deploy.0 = Ad-Hoc|iPhone
		{F62C158F-3835-46CF-89DB-D55C11CFC7EA}.Ad-Hoc|ARM.ActiveCfg = Ad-Hoc|iPhone
		{F62C158F-3835-46CF-89DB-D55C11CFC7EA}.Ad-Hoc|ARM.Build.0 = Ad-Hoc|iPhone
		{F62C158F-3835-46CF-89DB-D55C11CFC7EA}.Ad-Hoc|ARM.Deploy.0 = Ad-Hoc|iPhone
		{F62C158F-3835-46CF-89DB-D55C11CFC7EA}.Ad-Hoc|iPhone.ActiveCfg = Ad-Hoc|iPhone
		{F62C158F-3835-46CF-89DB-D55C11CFC7EA}.Ad-Hoc|iPhone.Build.0 = Ad-Hoc|iPhone
		{F62C158F-3835-46CF-89DB-D55C11CFC7EA}.Ad-Hoc|iPhone.Deploy.0 = Ad-Hoc|iPhone
		{F62C158F-3835-46CF-89DB-D55C11CFC7EA}.Ad-Hoc|iPhoneSimulator.ActiveCfg = Ad-Hoc|iPhoneSimulator
		{F62C158F-3835-46CF-89DB-D55C11CFC7EA}.Ad-Hoc|iPhoneSimulator.Build.0 = Ad-Hoc|iPhoneSimulator
		{F62C158F-3835-46CF-89DB-D55C11CFC7EA}.Ad-Hoc|iPhoneSimulator.Deploy.0 = Ad-Hoc|iPhoneSimulator
		{F62C158F-3835-46CF-89DB-D55C11CFC7EA}.Ad-Hoc|x64.ActiveCfg = Ad-Hoc|iPhone
		{F62C158F-3835-46CF-89DB-D55C11CFC7EA}.Ad-Hoc|x64.Build.0 = Ad-Hoc|iPhone
		{F62C158F-3835-46CF-89DB-D55C11CFC7EA}.Ad-Hoc|x64.Deploy.0 = Ad-Hoc|iPhone
		{F62C158F-3835-46CF-89DB-D55C11CFC7EA}.Ad-Hoc|x86.ActiveCfg = Ad-Hoc|iPhone
		{F62C158F-3835-46CF-89DB-D55C11CFC7EA}.Ad-Hoc|x86.Build.0 = Ad-Hoc|iPhone
		{F62C158F-3835-46CF-89DB-D55C11CFC7EA}.Ad-Hoc|x86.Deploy.0 = Ad-Hoc|iPhone
		{F62C158F-3835-46CF-89DB-D55C11CFC7EA}.AppStore|Any CPU.ActiveCfg = AppStore|iPhone
		{F62C158F-3835-46CF-89DB-D55C11CFC7EA}.AppStore|Any CPU.Build.0 = AppStore|iPhone
		{F62C158F-3835-46CF-89DB-D55C11CFC7EA}.AppStore|Any CPU.Deploy.0 = AppStore|iPhone
		{F62C158F-3835-46CF-89DB-D55C11CFC7EA}.AppStore|ARM.ActiveCfg = AppStore|iPhone
		{F62C158F-3835-46CF-89DB-D55C11CFC7EA}.AppStore|ARM.Build.0 = AppStore|iPhone
		{F62C158F-3835-46CF-89DB-D55C11CFC7EA}.AppStore|ARM.Deploy.0 = AppStore|iPhone
		{F62C158F-3835-46CF-89DB-D55C11CFC7EA}.AppStore|iPhone.ActiveCfg = AppStore|iPhone
		{F62C158F-3835-46CF-89DB-D55C11CFC7EA}.AppStore|iPhone.Build.0 = AppStore|iPhone
		{F62C158F-3835-46CF-89DB-D55C11CFC7EA}.AppStore|iPhone.Deploy.0 = AppStore|iPhone
		{F62C158F-3835-46CF-89DB-D55C11CFC7EA}.AppStore|iPhoneSimulator.ActiveCfg = AppStore|iPhoneSimulator
		{F62C158F-3835-46CF-89DB-D55C11CFC7EA}.AppStore|iPhoneSimulator.Build.0 = AppStore|iPhoneSimulator
		{F62C158F-3835-46CF-89DB-D55C11CFC7EA}.AppStore|iPhoneSimulator.Deploy.0 = AppStore|iPhoneSimulator
		{F62C158F-3835-46CF-89DB-D55C11CFC7EA}.AppStore|x64.ActiveCfg = AppStore|iPhone
		{F62C158F-3835-46CF-89DB-D55C11CFC7EA}.AppStore|x64.Build.0 = AppStore|iPhone
		{F62C158F-3835-46CF-89DB-D55C11CFC7EA}.AppStore|x64.Deploy.0 = AppStore|iPhone
		{F62C158F-3835-46CF-89DB-D55C11CFC7EA}.AppStore|x86.ActiveCfg = AppStore|iPhone
		{F62C158F-3835-46CF-89DB-D55C11CFC7EA}.AppStore|x86.Build.0 = AppStore|iPhone
		{F62C158F-3835-46CF-89DB-D55C11CFC7EA}.AppStore|x86.Deploy.0 = AppStore|iPhone
		{F62C158F-3835-46CF-89DB-D55C11CFC7EA}.Debug|Any CPU.ActiveCfg = Debug|iPhoneSimulator
		{F62C158F-3835-46CF-89DB-D55C11CFC7EA}.Debug|Any CPU.Build.0 = Debug|iPhoneSimulator
		{F62C158F-3835-46CF-89DB-D55C11CFC7EA}.Debug|Any CPU.Deploy.0 = Debug|iPhoneSimulator
		{F62C158F-3835-46CF-89DB-D55C11CFC7EA}.Debug|ARM.ActiveCfg = Debug|iPhone
		{F62C158F-3835-46CF-89DB-D55C11CFC7EA}.Debug|ARM.Build.0 = Debug|iPhone
		{F62C158F-3835-46CF-89DB-D55C11CFC7EA}.Debug|ARM.Deploy.0 = Debug|iPhone
		{F62C158F-3835-46CF-89DB-D55C11CFC7EA}.Debug|iPhone.ActiveCfg = Debug|iPhone
		{F62C158F-3835-46CF-89DB-D55C11CFC7EA}.Debug|iPhone.Build.0 = Debug|iPhone
		{F62C158F-3835-46CF-89DB-D55C11CFC7EA}.Debug|iPhone.Deploy.0 = Debug|iPhone
		{F62C158F-3835-46CF-89DB-D55C11CFC7EA}.Debug|iPhoneSimulator.ActiveCfg = Debug|iPhoneSimulator
		{F62C158F-3835-46CF-89DB-D55C11CFC7EA}.Debug|iPhoneSimulator.Build.0 = Debug|iPhoneSimulator
		{F62C158F-3835-46CF-89DB-D55C11CFC7EA}.Debug|iPhoneSimulator.Deploy.0 = Debug|iPhoneSimulator
		{F62C158F-3835-46CF-89DB-D55C11CFC7EA}.Debug|x64.ActiveCfg = Debug|iPhone
		{F62C158F-3835-46CF-89DB-D55C11CFC7EA}.Debug|x64.Build.0 = Debug|iPhone
		{F62C158F-3835-46CF-89DB-D55C11CFC7EA}.Debug|x64.Deploy.0 = Debug|iPhone
		{F62C158F-3835-46CF-89DB-D55C11CFC7EA}.Debug|x86.ActiveCfg = Debug|iPhone
		{F62C158F-3835-46CF-89DB-D55C11CFC7EA}.Debug|x86.Build.0 = Debug|iPhone
		{F62C158F-3835-46CF-89DB-D55C11CFC7EA}.Debug|x86.Deploy.0 = Debug|iPhone
		{F62C158F-3835-46CF-89DB-D55C11CFC7EA}.Release|Any CPU.ActiveCfg = Release|iPhone
		{F62C158F-3835-46CF-89DB-D55C11CFC7EA}.Release|Any CPU.Build.0 = Release|iPhone
		{F62C158F-3835-46CF-89DB-D55C11CFC7EA}.Release|Any CPU.Deploy.0 = Release|iPhone
		{F62C158F-3835-46CF-89DB-D55C11CFC7EA}.Release|ARM.ActiveCfg = Release|iPhone
		{F62C158F-3835-46CF-89DB-D55C11CFC7EA}.Release|ARM.Build.0 = Release|iPhone
		{F62C158F-3835-46CF-89DB-D55C11CFC7EA}.Release|ARM.Deploy.0 = Release|iPhone
		{F62C158F-3835-46CF-89DB-D55C11CFC7EA}.Release|iPhone.ActiveCfg = Release|iPhone
		{F62C158F-3835-46CF-89DB-D55C11CFC7EA}.Release|iPhone.Build.0 = Release|iPhone
		{F62C158F-3835-46CF-89DB-D55C11CFC7EA}.Release|iPhone.Deploy.0 = Release|iPhone
		{F62C158F-3835-46CF-89DB-D55C11CFC7EA}.Release|iPhoneSimulator.ActiveCfg = Release|iPhoneSimulator
		{F62C158F-3835-46CF-89DB-D55C11CFC7EA}.Release|iPhoneSimulator.Build.0 = Release|iPhoneSimulator
		{F62C158F-3835-46CF-89DB-D55C11CFC7EA}.Release|iPhoneSimulator.Deploy.0 = Release|iPhoneSimulator
		{F62C158F-3835-46CF-89DB-D55C11CFC7EA}.Release|x64.ActiveCfg = Release|iPhone
		{F62C158F-3835-46CF-89DB-D55C11CFC7EA}.Release|x64.Build.0 = Release|iPhone
		{F62C158F-3835-46CF-89DB-D55C11CFC7EA}.Release|x64.Deploy.0 = Release|iPhone
		{F62C158F-3835-46CF-89DB-D55C11CFC7EA}.Release|x86.ActiveCfg = Release|iPhone
		{F62C158F-3835-46CF-89DB-D55C11CFC7EA}.Release|x86.Build.0 = Release|iPhone
		{F62C158F-3835-46CF-89DB-D55C11CFC7EA}.Release|x86.Deploy.0 = Release|iPhone
		{D1348D97-19A5-44C6-BF03-BFCC5E8FA7B3}.Ad-Hoc|Any CPU.ActiveCfg = Debug|Any CPU
		{D1348D97-19A5-44C6-BF03-BFCC5E8FA7B3}.Ad-Hoc|Any CPU.Build.0 = Debug|Any CPU
		{D1348D97-19A5-44C6-BF03-BFCC5E8FA7B3}.Ad-Hoc|Any CPU.Deploy.0 = Debug|Any CPU
		{D1348D97-19A5-44C6-BF03-BFCC5E8FA7B3}.Ad-Hoc|ARM.ActiveCfg = Debug|Any CPU
		{D1348D97-19A5-44C6-BF03-BFCC5E8FA7B3}.Ad-Hoc|ARM.Build.0 = Debug|Any CPU
		{D1348D97-19A5-44C6-BF03-BFCC5E8FA7B3}.Ad-Hoc|ARM.Deploy.0 = Debug|Any CPU
		{D1348D97-19A5-44C6-BF03-BFCC5E8FA7B3}.Ad-Hoc|iPhone.ActiveCfg = Debug|Any CPU
		{D1348D97-19A5-44C6-BF03-BFCC5E8FA7B3}.Ad-Hoc|iPhone.Build.0 = Debug|Any CPU
		{D1348D97-19A5-44C6-BF03-BFCC5E8FA7B3}.Ad-Hoc|iPhone.Deploy.0 = Debug|Any CPU
		{D1348D97-19A5-44C6-BF03-BFCC5E8FA7B3}.Ad-Hoc|iPhoneSimulator.ActiveCfg = Debug|Any CPU
		{D1348D97-19A5-44C6-BF03-BFCC5E8FA7B3}.Ad-Hoc|iPhoneSimulator.Build.0 = Debug|Any CPU
		{D1348D97-19A5-44C6-BF03-BFCC5E8FA7B3}.Ad-Hoc|iPhoneSimulator.Deploy.0 = Debug|Any CPU
		{D1348D97-19A5-44C6-BF03-BFCC5E8FA7B3}.Ad-Hoc|x64.ActiveCfg = Debug|Any CPU
		{D1348D97-19A5-44C6-BF03-BFCC5E8FA7B3}.Ad-Hoc|x64.Build.0 = Debug|Any CPU
		{D1348D97-19A5-44C6-BF03-BFCC5E8FA7B3}.Ad-Hoc|x64.Deploy.0 = Debug|Any CPU
		{D1348D97-19A5-44C6-BF03-BFCC5E8FA7B3}.Ad-Hoc|x86.ActiveCfg = Debug|Any CPU
		{D1348D97-19A5-44C6-BF03-BFCC5E8FA7B3}.Ad-Hoc|x86.Build.0 = Debug|Any CPU
		{D1348D97-19A5-44C6-BF03-BFCC5E8FA7B3}.Ad-Hoc|x86.Deploy.0 = Debug|Any CPU
		{D1348D97-19A5-44C6-BF03-BFCC5E8FA7B3}.AppStore|Any CPU.ActiveCfg = Debug|Any CPU
		{D1348D97-19A5-44C6-BF03-BFCC5E8FA7B3}.AppStore|Any CPU.Build.0 = Debug|Any CPU
		{D1348D97-19A5-44C6-BF03-BFCC5E8FA7B3}.AppStore|Any CPU.Deploy.0 = Debug|Any CPU
		{D1348D97-19A5-44C6-BF03-BFCC5E8FA7B3}.AppStore|ARM.ActiveCfg = Debug|Any CPU
		{D1348D97-19A5-44C6-BF03-BFCC5E8FA7B3}.AppStore|ARM.Build.0 = Debug|Any CPU
		{D1348D97-19A5-44C6-BF03-BFCC5E8FA7B3}.AppStore|ARM.Deploy.0 = Debug|Any CPU
		{D1348D97-19A5-44C6-BF03-BFCC5E8FA7B3}.AppStore|iPhone.ActiveCfg = Debug|Any CPU
		{D1348D97-19A5-44C6-BF03-BFCC5E8FA7B3}.AppStore|iPhone.Build.0 = Debug|Any CPU
		{D1348D97-19A5-44C6-BF03-BFCC5E8FA7B3}.AppStore|iPhone.Deploy.0 = Debug|Any CPU
		{D1348D97-19A5-44C6-BF03-BFCC5E8FA7B3}.AppStore|iPhoneSimulator.ActiveCfg = Debug|Any CPU
		{D1348D97-19A5-44C6-BF03-BFCC5E8FA7B3}.AppStore|iPhoneSimulator.Build.0 = Debug|Any CPU
		{D1348D97-19A5-44C6-BF03-BFCC5E8FA7B3}.AppStore|iPhoneSimulator.Deploy.0 = Debug|Any CPU
		{D1348D97-19A5-44C6-BF03-BFCC5E8FA7B3}.AppStore|x64.ActiveCfg = Debug|Any CPU
		{D1348D97-19A5-44C6-BF03-BFCC5E8FA7B3}.AppStore|x64.Build.0 = Debug|Any CPU
		{D1348D97-19A5-44C6-BF03-BFCC5E8FA7B3}.AppStore|x64.Deploy.0 = Debug|Any CPU
		{D1348D97-19A5-44C6-BF03-BFCC5E8FA7B3}.AppStore|x86.ActiveCfg = Debug|Any CPU
		{D1348D97-19A5-44C6-BF03-BFCC5E8FA7B3}.AppStore|x86.Build.0 = Debug|Any CPU
		{D1348D97-19A5-44C6-BF03-BFCC5E8FA7B3}.AppStore|x86.Deploy.0 = Debug|Any CPU
		{D1348D97-19A5-44C6-BF03-BFCC5E8FA7B3}.Debug|Any CPU.ActiveCfg = Debug|Any CPU
		{D1348D97-19A5-44C6-BF03-BFCC5E8FA7B3}.Debug|Any CPU.Build.0 = Debug|Any CPU
		{D1348D97-19A5-44C6-BF03-BFCC5E8FA7B3}.Debug|Any CPU.Deploy.0 = Debug|Any CPU
		{D1348D97-19A5-44C6-BF03-BFCC5E8FA7B3}.Debug|ARM.ActiveCfg = Debug|Any CPU
		{D1348D97-19A5-44C6-BF03-BFCC5E8FA7B3}.Debug|ARM.Build.0 = Debug|Any CPU
		{D1348D97-19A5-44C6-BF03-BFCC5E8FA7B3}.Debug|ARM.Deploy.0 = Debug|Any CPU
		{D1348D97-19A5-44C6-BF03-BFCC5E8FA7B3}.Debug|iPhone.ActiveCfg = Debug|Any CPU
		{D1348D97-19A5-44C6-BF03-BFCC5E8FA7B3}.Debug|iPhone.Build.0 = Debug|Any CPU
		{D1348D97-19A5-44C6-BF03-BFCC5E8FA7B3}.Debug|iPhone.Deploy.0 = Debug|Any CPU
		{D1348D97-19A5-44C6-BF03-BFCC5E8FA7B3}.Debug|iPhoneSimulator.ActiveCfg = Debug|Any CPU
		{D1348D97-19A5-44C6-BF03-BFCC5E8FA7B3}.Debug|iPhoneSimulator.Build.0 = Debug|Any CPU
		{D1348D97-19A5-44C6-BF03-BFCC5E8FA7B3}.Debug|iPhoneSimulator.Deploy.0 = Debug|Any CPU
		{D1348D97-19A5-44C6-BF03-BFCC5E8FA7B3}.Debug|x64.ActiveCfg = Debug|Any CPU
		{D1348D97-19A5-44C6-BF03-BFCC5E8FA7B3}.Debug|x64.Build.0 = Debug|Any CPU
		{D1348D97-19A5-44C6-BF03-BFCC5E8FA7B3}.Debug|x64.Deploy.0 = Debug|Any CPU
		{D1348D97-19A5-44C6-BF03-BFCC5E8FA7B3}.Debug|x86.ActiveCfg = Debug|Any CPU
		{D1348D97-19A5-44C6-BF03-BFCC5E8FA7B3}.Debug|x86.Build.0 = Debug|Any CPU
		{D1348D97-19A5-44C6-BF03-BFCC5E8FA7B3}.Debug|x86.Deploy.0 = Debug|Any CPU
		{D1348D97-19A5-44C6-BF03-BFCC5E8FA7B3}.Release|Any CPU.ActiveCfg = Release|Any CPU
		{D1348D97-19A5-44C6-BF03-BFCC5E8FA7B3}.Release|Any CPU.Build.0 = Release|Any CPU
		{D1348D97-19A5-44C6-BF03-BFCC5E8FA7B3}.Release|Any CPU.Deploy.0 = Release|Any CPU
		{D1348D97-19A5-44C6-BF03-BFCC5E8FA7B3}.Release|ARM.ActiveCfg = Release|Any CPU
		{D1348D97-19A5-44C6-BF03-BFCC5E8FA7B3}.Release|ARM.Build.0 = Release|Any CPU
		{D1348D97-19A5-44C6-BF03-BFCC5E8FA7B3}.Release|ARM.Deploy.0 = Release|Any CPU
		{D1348D97-19A5-44C6-BF03-BFCC5E8FA7B3}.Release|iPhone.ActiveCfg = Release|Any CPU
		{D1348D97-19A5-44C6-BF03-BFCC5E8FA7B3}.Release|iPhone.Build.0 = Release|Any CPU
		{D1348D97-19A5-44C6-BF03-BFCC5E8FA7B3}.Release|iPhone.Deploy.0 = Release|Any CPU
		{D1348D97-19A5-44C6-BF03-BFCC5E8FA7B3}.Release|iPhoneSimulator.ActiveCfg = Release|Any CPU
		{D1348D97-19A5-44C6-BF03-BFCC5E8FA7B3}.Release|iPhoneSimulator.Build.0 = Release|Any CPU
		{D1348D97-19A5-44C6-BF03-BFCC5E8FA7B3}.Release|iPhoneSimulator.Deploy.0 = Release|Any CPU
		{D1348D97-19A5-44C6-BF03-BFCC5E8FA7B3}.Release|x64.ActiveCfg = Release|Any CPU
		{D1348D97-19A5-44C6-BF03-BFCC5E8FA7B3}.Release|x64.Build.0 = Release|Any CPU
		{D1348D97-19A5-44C6-BF03-BFCC5E8FA7B3}.Release|x64.Deploy.0 = Release|Any CPU
		{D1348D97-19A5-44C6-BF03-BFCC5E8FA7B3}.Release|x86.ActiveCfg = Release|Any CPU
		{D1348D97-19A5-44C6-BF03-BFCC5E8FA7B3}.Release|x86.Build.0 = Release|Any CPU
		{D1348D97-19A5-44C6-BF03-BFCC5E8FA7B3}.Release|x86.Deploy.0 = Release|Any CPU
		{B19C892E-2628-4CA7-AD27-08D406A3B14B}.Ad-Hoc|Any CPU.ActiveCfg = Release|Any CPU
		{B19C892E-2628-4CA7-AD27-08D406A3B14B}.Ad-Hoc|Any CPU.Build.0 = Release|Any CPU
		{B19C892E-2628-4CA7-AD27-08D406A3B14B}.Ad-Hoc|ARM.ActiveCfg = Release|Any CPU
		{B19C892E-2628-4CA7-AD27-08D406A3B14B}.Ad-Hoc|ARM.Build.0 = Release|Any CPU
		{B19C892E-2628-4CA7-AD27-08D406A3B14B}.Ad-Hoc|iPhone.ActiveCfg = Release|Any CPU
		{B19C892E-2628-4CA7-AD27-08D406A3B14B}.Ad-Hoc|iPhone.Build.0 = Release|Any CPU
		{B19C892E-2628-4CA7-AD27-08D406A3B14B}.Ad-Hoc|iPhoneSimulator.ActiveCfg = Release|Any CPU
		{B19C892E-2628-4CA7-AD27-08D406A3B14B}.Ad-Hoc|iPhoneSimulator.Build.0 = Release|Any CPU
		{B19C892E-2628-4CA7-AD27-08D406A3B14B}.Ad-Hoc|x64.ActiveCfg = Release|Any CPU
		{B19C892E-2628-4CA7-AD27-08D406A3B14B}.Ad-Hoc|x64.Build.0 = Release|Any CPU
		{B19C892E-2628-4CA7-AD27-08D406A3B14B}.Ad-Hoc|x86.ActiveCfg = Release|Any CPU
		{B19C892E-2628-4CA7-AD27-08D406A3B14B}.Ad-Hoc|x86.Build.0 = Release|Any CPU
		{B19C892E-2628-4CA7-AD27-08D406A3B14B}.AppStore|Any CPU.ActiveCfg = Release|Any CPU
		{B19C892E-2628-4CA7-AD27-08D406A3B14B}.AppStore|Any CPU.Build.0 = Release|Any CPU
		{B19C892E-2628-4CA7-AD27-08D406A3B14B}.AppStore|ARM.ActiveCfg = Release|Any CPU
		{B19C892E-2628-4CA7-AD27-08D406A3B14B}.AppStore|ARM.Build.0 = Release|Any CPU
		{B19C892E-2628-4CA7-AD27-08D406A3B14B}.AppStore|iPhone.ActiveCfg = Release|Any CPU
		{B19C892E-2628-4CA7-AD27-08D406A3B14B}.AppStore|iPhone.Build.0 = Release|Any CPU
		{B19C892E-2628-4CA7-AD27-08D406A3B14B}.AppStore|iPhoneSimulator.ActiveCfg = Release|Any CPU
		{B19C892E-2628-4CA7-AD27-08D406A3B14B}.AppStore|iPhoneSimulator.Build.0 = Release|Any CPU
		{B19C892E-2628-4CA7-AD27-08D406A3B14B}.AppStore|x64.ActiveCfg = Release|Any CPU
		{B19C892E-2628-4CA7-AD27-08D406A3B14B}.AppStore|x64.Build.0 = Release|Any CPU
		{B19C892E-2628-4CA7-AD27-08D406A3B14B}.AppStore|x86.ActiveCfg = Release|Any CPU
		{B19C892E-2628-4CA7-AD27-08D406A3B14B}.AppStore|x86.Build.0 = Release|Any CPU
		{B19C892E-2628-4CA7-AD27-08D406A3B14B}.Debug|Any CPU.ActiveCfg = Debug|Any CPU
		{B19C892E-2628-4CA7-AD27-08D406A3B14B}.Debug|Any CPU.Build.0 = Debug|Any CPU
		{B19C892E-2628-4CA7-AD27-08D406A3B14B}.Debug|ARM.ActiveCfg = Debug|Any CPU
		{B19C892E-2628-4CA7-AD27-08D406A3B14B}.Debug|ARM.Build.0 = Debug|Any CPU
		{B19C892E-2628-4CA7-AD27-08D406A3B14B}.Debug|iPhone.ActiveCfg = Debug|Any CPU
		{B19C892E-2628-4CA7-AD27-08D406A3B14B}.Debug|iPhone.Build.0 = Debug|Any CPU
		{B19C892E-2628-4CA7-AD27-08D406A3B14B}.Debug|iPhoneSimulator.ActiveCfg = Debug|Any CPU
		{B19C892E-2628-4CA7-AD27-08D406A3B14B}.Debug|iPhoneSimulator.Build.0 = Debug|Any CPU
		{B19C892E-2628-4CA7-AD27-08D406A3B14B}.Debug|x64.ActiveCfg = Debug|Any CPU
		{B19C892E-2628-4CA7-AD27-08D406A3B14B}.Debug|x64.Build.0 = Debug|Any CPU
		{B19C892E-2628-4CA7-AD27-08D406A3B14B}.Debug|x86.ActiveCfg = Debug|Any CPU
		{B19C892E-2628-4CA7-AD27-08D406A3B14B}.Debug|x86.Build.0 = Debug|Any CPU
		{B19C892E-2628-4CA7-AD27-08D406A3B14B}.Release|Any CPU.ActiveCfg = Release|Any CPU
		{B19C892E-2628-4CA7-AD27-08D406A3B14B}.Release|Any CPU.Build.0 = Release|Any CPU
		{B19C892E-2628-4CA7-AD27-08D406A3B14B}.Release|ARM.ActiveCfg = Release|Any CPU
		{B19C892E-2628-4CA7-AD27-08D406A3B14B}.Release|ARM.Build.0 = Release|Any CPU
		{B19C892E-2628-4CA7-AD27-08D406A3B14B}.Release|iPhone.ActiveCfg = Release|Any CPU
		{B19C892E-2628-4CA7-AD27-08D406A3B14B}.Release|iPhone.Build.0 = Release|Any CPU
		{B19C892E-2628-4CA7-AD27-08D406A3B14B}.Release|iPhoneSimulator.ActiveCfg = Release|Any CPU
		{B19C892E-2628-4CA7-AD27-08D406A3B14B}.Release|iPhoneSimulator.Build.0 = Release|Any CPU
		{B19C892E-2628-4CA7-AD27-08D406A3B14B}.Release|x64.ActiveCfg = Release|Any CPU
		{B19C892E-2628-4CA7-AD27-08D406A3B14B}.Release|x64.Build.0 = Release|Any CPU
		{B19C892E-2628-4CA7-AD27-08D406A3B14B}.Release|x86.ActiveCfg = Release|Any CPU
		{B19C892E-2628-4CA7-AD27-08D406A3B14B}.Release|x86.Build.0 = Release|Any CPU
	EndGlobalSection
	GlobalSection(SolutionProperties) = preSolution
		HideSolutionNode = FALSE
	EndGlobalSection
	GlobalSection(ExtensibilityGlobals) = postSolution
		SolutionGuid = {C1CF031A-88E3-42A4-A165-C0777D207112}
	EndGlobalSection
EndGlobal
